
Microsoft Visual Studio Solution File, Format Version 12.00
# Visual Studio Version 17
VisualStudioVersion = 17.4.33205.214
MinimumVisualStudioVersion = 10.0.40219.1
Project("{FAE04EC0-301F-11D3-BF4B-00C04F79EFBC}") = "ExecutionProfiler", "ExecutionProfiler\ExecutionProfiler.csproj", "{8D1ED741-4B0E-41B7-A770-B1A27C71D863}"
EndProject
Project("{2150E333-8FDC-42A3-9474-1A3956D46DE8}") = "Solution Items", "Solution Items", "{37F344DF-DBF6-4310-9908-D1C986FCA7FE}"
	ProjectSection(SolutionItems) = preProject
		LICENSE = LICENSE
		README.md = README.md
	EndProjectSection
EndProject
Project("{2150E333-8FDC-42A3-9474-1A3956D46DE8}") = "Media", "Media", "{C43B261D-675D-49B9-AB23-CC2CC17EB5E8}"
	ProjectSection(SolutionItems) = preProject
		Media\Profiler.png = Media\Profiler.png
	EndProjectSection
EndProject
Global
	GlobalSection(SolutionConfigurationPlatforms) = preSolution
		Debug|Any CPU = Debug|Any CPU
		Release|Any CPU = Release|Any CPU
	EndGlobalSection
	GlobalSection(ProjectConfigurationPlatforms) = postSolution
		{8D1ED741-4B0E-41B7-A770-B1A27C71D863}.Debug|Any CPU.ActiveCfg = Debug|Any CPU
		{8D1ED741-4B0E-41B7-A770-B1A27C71D863}.Debug|Any CPU.Build.0 = Debug|Any CPU
		{8D1ED741-4B0E-41B7-A770-B1A27C71D863}.Release|Any CPU.ActiveCfg = Release|Any CPU
		{8D1ED741-4B0E-41B7-A770-B1A27C71D863}.Release|Any CPU.Build.0 = Release|Any CPU
	EndGlobalSection
	GlobalSection(SolutionProperties) = preSolution
		HideSolutionNode = FALSE
	EndGlobalSection
	GlobalSection(NestedProjects) = preSolution
		{C43B261D-675D-49B9-AB23-CC2CC17EB5E8} = {37F344DF-DBF6-4310-9908-D1C986FCA7FE}
	EndGlobalSection
	GlobalSection(ExtensibilityGlobals) = postSolution
		SolutionGuid = {653D38F5-02E7-4EC8-80F8-07A913D049BF}
	EndGlobalSection
EndGlobal
